
Microsoft Visual Studio Solution File, Format Version 12.00
# Visual Studio Version 17
VisualStudioVersion = 17.5.33502.453
MinimumVisualStudioVersion = 10.0.40219.1
Project("{9A19103F-16F7-4668-BE54-9A1E7A4F7556}") = "PatchTest", "PatchTest\PatchTest.csproj", "{9942BDF2-26C6-4D5B-9983-41119C6B3657}"
EndProject
Project("{9A19103F-16F7-4668-BE54-9A1E7A4F7556}") = "wonderlab", "..\src\wonderlab\wonderlab.csproj", "{7A8A624B-C362-41F0-95E0-F025B0DC613A}"
EndProject
Project("{9A19103F-16F7-4668-BE54-9A1E7A4F7556}") = "wonderlab.control", "..\src\wonderlab.control\wonderlab.control.csproj", "{F865C2DC-3BA4-4A19-BABC-630A5A86D38F}"
EndProject
Project("{9A19103F-16F7-4668-BE54-9A1E7A4F7556}") = "wonderlab.Core", "..\src\wonderlab.Core\wonderlab.Core.csproj", "{904D8D06-8520-4536-8978-B610B850A14B}"
EndProject
Project("{9A19103F-16F7-4668-BE54-9A1E7A4F7556}") = "wonderlab.McProtocol", "..\src\wonderlab.McProtocol\wonderlab.McProtocol.csproj", "{BEC5D357-F8AA-4DE9-A447-6FB86F5A38C8}"
EndProject
Project("{9A19103F-16F7-4668-BE54-9A1E7A4F7556}") = "wonderlab.PluginLoader", "..\src\wonderlab.PluginLoader\wonderlab.PluginLoader.csproj", "{FDA7D1FB-8B69-458E-B1F3-67BC7C68B6DA}"
EndProject
Global
	GlobalSection(SolutionConfigurationPlatforms) = preSolution
		Debug|Any CPU = Debug|Any CPU
		Debug|ARM32 = Debug|ARM32
		Debug|ARM64 = Debug|ARM64
		Debug|x64 = Debug|x64
		Debug|x86 = Debug|x86
		Release|Any CPU = Release|Any CPU
		Release|ARM32 = Release|ARM32
		Release|ARM64 = Release|ARM64
		Release|x64 = Release|x64
		Release|x86 = Release|x86
	EndGlobalSection
	GlobalSection(ProjectConfigurationPlatforms) = postSolution
		{9942BDF2-26C6-4D5B-9983-41119C6B3657}.Debug|Any CPU.ActiveCfg = Debug|Any CPU
		{9942BDF2-26C6-4D5B-9983-41119C6B3657}.Debug|Any CPU.Build.0 = Debug|Any CPU
		{9942BDF2-26C6-4D5B-9983-41119C6B3657}.Debug|ARM32.ActiveCfg = Debug|Any CPU
		{9942BDF2-26C6-4D5B-9983-41119C6B3657}.Debug|ARM32.Build.0 = Debug|Any CPU
		{9942BDF2-26C6-4D5B-9983-41119C6B3657}.Debug|ARM64.ActiveCfg = Debug|Any CPU
		{9942BDF2-26C6-4D5B-9983-41119C6B3657}.Debug|ARM64.Build.0 = Debug|Any CPU
		{9942BDF2-26C6-4D5B-9983-41119C6B3657}.Debug|x64.ActiveCfg = Debug|Any CPU
		{9942BDF2-26C6-4D5B-9983-41119C6B3657}.Debug|x64.Build.0 = Debug|Any CPU
		{9942BDF2-26C6-4D5B-9983-41119C6B3657}.Debug|x86.ActiveCfg = Debug|Any CPU
		{9942BDF2-26C6-4D5B-9983-41119C6B3657}.Debug|x86.Build.0 = Debug|Any CPU
		{9942BDF2-26C6-4D5B-9983-41119C6B3657}.Release|Any CPU.ActiveCfg = Release|Any CPU
		{9942BDF2-26C6-4D5B-9983-41119C6B3657}.Release|Any CPU.Build.0 = Release|Any CPU
		{9942BDF2-26C6-4D5B-9983-41119C6B3657}.Release|ARM32.ActiveCfg = Release|Any CPU
		{9942BDF2-26C6-4D5B-9983-41119C6B3657}.Release|ARM32.Build.0 = Release|Any CPU
		{9942BDF2-26C6-4D5B-9983-41119C6B3657}.Release|ARM64.ActiveCfg = Release|Any CPU
		{9942BDF2-26C6-4D5B-9983-41119C6B3657}.Release|ARM64.Build.0 = Release|Any CPU
		{9942BDF2-26C6-4D5B-9983-41119C6B3657}.Release|x64.ActiveCfg = Release|Any CPU
		{9942BDF2-26C6-4D5B-9983-41119C6B3657}.Release|x64.Build.0 = Release|Any CPU
		{9942BDF2-26C6-4D5B-9983-41119C6B3657}.Release|x86.ActiveCfg = Release|Any CPU
		{9942BDF2-26C6-4D5B-9983-41119C6B3657}.Release|x86.Build.0 = Release|Any CPU
		{7A8A624B-C362-41F0-95E0-F025B0DC613A}.Debug|Any CPU.ActiveCfg = Debug|Any CPU
		{7A8A624B-C362-41F0-95E0-F025B0DC613A}.Debug|Any CPU.Build.0 = Debug|Any CPU
		{7A8A624B-C362-41F0-95E0-F025B0DC613A}.Debug|ARM32.ActiveCfg = Debug|ARM32
		{7A8A624B-C362-41F0-95E0-F025B0DC613A}.Debug|ARM32.Build.0 = Debug|ARM32
		{7A8A624B-C362-41F0-95E0-F025B0DC613A}.Debug|ARM64.ActiveCfg = Debug|ARM64
		{7A8A624B-C362-41F0-95E0-F025B0DC613A}.Debug|ARM64.Build.0 = Debug|ARM64
		{7A8A624B-C362-41F0-95E0-F025B0DC613A}.Debug|x64.ActiveCfg = Debug|x64
		{7A8A624B-C362-41F0-95E0-F025B0DC613A}.Debug|x64.Build.0 = Debug|x64
		{7A8A624B-C362-41F0-95E0-F025B0DC613A}.Debug|x86.ActiveCfg = Debug|x86
		{7A8A624B-C362-41F0-95E0-F025B0DC613A}.Debug|x86.Build.0 = Debug|x86
		{7A8A624B-C362-41F0-95E0-F025B0DC613A}.Release|Any CPU.ActiveCfg = Release|Any CPU
		{7A8A624B-C362-41F0-95E0-F025B0DC613A}.Release|Any CPU.Build.0 = Release|Any CPU
		{7A8A624B-C362-41F0-95E0-F025B0DC613A}.Release|ARM32.ActiveCfg = Release|ARM32
		{7A8A624B-C362-41F0-95E0-F025B0DC613A}.Release|ARM32.Build.0 = Release|ARM32
		{7A8A624B-C362-41F0-95E0-F025B0DC613A}.Release|ARM64.ActiveCfg = Release|ARM64
		{7A8A624B-C362-41F0-95E0-F025B0DC613A}.Release|ARM64.Build.0 = Release|ARM64
		{7A8A624B-C362-41F0-95E0-F025B0DC613A}.Release|x64.ActiveCfg = Release|x64
		{7A8A624B-C362-41F0-95E0-F025B0DC613A}.Release|x64.Build.0 = Release|x64
		{7A8A624B-C362-41F0-95E0-F025B0DC613A}.Release|x86.ActiveCfg = Release|x86
		{7A8A624B-C362-41F0-95E0-F025B0DC613A}.Release|x86.Build.0 = Release|x86
		{F865C2DC-3BA4-4A19-BABC-630A5A86D38F}.Debug|Any CPU.ActiveCfg = Debug|Any CPU
		{F865C2DC-3BA4-4A19-BABC-630A5A86D38F}.Debug|Any CPU.Build.0 = Debug|Any CPU
		{F865C2DC-3BA4-4A19-BABC-630A5A86D38F}.Debug|ARM32.ActiveCfg = Debug|ARM32
		{F865C2DC-3BA4-4A19-BABC-630A5A86D38F}.Debug|ARM32.Build.0 = Debug|ARM32
		{F865C2DC-3BA4-4A19-BABC-630A5A86D38F}.Debug|ARM64.ActiveCfg = Debug|ARM64
		{F865C2DC-3BA4-4A19-BABC-630A5A86D38F}.Debug|ARM64.Build.0 = Debug|ARM64
		{F865C2DC-3BA4-4A19-BABC-630A5A86D38F}.Debug|x64.ActiveCfg = Debug|x64
		{F865C2DC-3BA4-4A19-BABC-630A5A86D38F}.Debug|x64.Build.0 = Debug|x64
		{F865C2DC-3BA4-4A19-BABC-630A5A86D38F}.Debug|x86.ActiveCfg = Debug|x86
		{F865C2DC-3BA4-4A19-BABC-630A5A86D38F}.Debug|x86.Build.0 = Debug|x86
		{F865C2DC-3BA4-4A19-BABC-630A5A86D38F}.Release|Any CPU.ActiveCfg = Release|Any CPU
		{F865C2DC-3BA4-4A19-BABC-630A5A86D38F}.Release|Any CPU.Build.0 = Release|Any CPU
		{F865C2DC-3BA4-4A19-BABC-630A5A86D38F}.Release|ARM32.ActiveCfg = Release|ARM32
		{F865C2DC-3BA4-4A19-BABC-630A5A86D38F}.Release|ARM32.Build.0 = Release|ARM32
		{F865C2DC-3BA4-4A19-BABC-630A5A86D38F}.Release|ARM64.ActiveCfg = Release|ARM64
		{F865C2DC-3BA4-4A19-BABC-630A5A86D38F}.Release|ARM64.Build.0 = Release|ARM64
		{F865C2DC-3BA4-4A19-BABC-630A5A86D38F}.Release|x64.ActiveCfg = Release|x64
		{F865C2DC-3BA4-4A19-BABC-630A5A86D38F}.Release|x64.Build.0 = Release|x64
		{F865C2DC-3BA4-4A19-BABC-630A5A86D38F}.Release|x86.ActiveCfg = Release|x86
		{F865C2DC-3BA4-4A19-BABC-630A5A86D38F}.Release|x86.Build.0 = Release|x86
		{904D8D06-8520-4536-8978-B610B850A14B}.Debug|Any CPU.ActiveCfg = Debug|Any CPU
		{904D8D06-8520-4536-8978-B610B850A14B}.Debug|Any CPU.Build.0 = Debug|Any CPU
		{904D8D06-8520-4536-8978-B610B850A14B}.Debug|ARM32.ActiveCfg = Debug|ARM32
		{904D8D06-8520-4536-8978-B610B850A14B}.Debug|ARM32.Build.0 = Debug|ARM32
		{904D8D06-8520-4536-8978-B610B850A14B}.Debug|ARM64.ActiveCfg = Debug|ARM64
		{904D8D06-8520-4536-8978-B610B850A14B}.Debug|ARM64.Build.0 = Debug|ARM64
		{904D8D06-8520-4536-8978-B610B850A14B}.Debug|x64.ActiveCfg = Debug|x64
		{904D8D06-8520-4536-8978-B610B850A14B}.Debug|x64.Build.0 = Debug|x64
		{904D8D06-8520-4536-8978-B610B850A14B}.Debug|x86.ActiveCfg = Debug|x86
		{904D8D06-8520-4536-8978-B610B850A14B}.Debug|x86.Build.0 = Debug|x86
		{904D8D06-8520-4536-8978-B610B850A14B}.Release|Any CPU.ActiveCfg = Release|Any CPU
		{904D8D06-8520-4536-8978-B610B850A14B}.Release|Any CPU.Build.0 = Release|Any CPU
		{904D8D06-8520-4536-8978-B610B850A14B}.Release|ARM32.ActiveCfg = Release|ARM32
		{904D8D06-8520-4536-8978-B610B850A14B}.Release|ARM32.Build.0 = Release|ARM32
		{904D8D06-8520-4536-8978-B610B850A14B}.Release|ARM64.ActiveCfg = Release|ARM64
		{904D8D06-8520-4536-8978-B610B850A14B}.Release|ARM64.Build.0 = Release|ARM64
		{904D8D06-8520-4536-8978-B610B850A14B}.Release|x64.ActiveCfg = Release|x64
		{904D8D06-8520-4536-8978-B610B850A14B}.Release|x64.Build.0 = Release|x64
		{904D8D06-8520-4536-8978-B610B850A14B}.Release|x86.ActiveCfg = Release|x86
		{904D8D06-8520-4536-8978-B610B850A14B}.Release|x86.Build.0 = Release|x86
		{BEC5D357-F8AA-4DE9-A447-6FB86F5A38C8}.Debug|Any CPU.ActiveCfg = Debug|Any CPU
		{BEC5D357-F8AA-4DE9-A447-6FB86F5A38C8}.Debug|Any CPU.Build.0 = Debug|Any CPU
		{BEC5D357-F8AA-4DE9-A447-6FB86F5A38C8}.Debug|ARM32.ActiveCfg = Debug|ARM32
		{BEC5D357-F8AA-4DE9-A447-6FB86F5A38C8}.Debug|ARM32.Build.0 = Debug|ARM32
		{BEC5D357-F8AA-4DE9-A447-6FB86F5A38C8}.Debug|ARM64.ActiveCfg = Debug|ARM64
		{BEC5D357-F8AA-4DE9-A447-6FB86F5A38C8}.Debug|ARM64.Build.0 = Debug|ARM64
		{BEC5D357-F8AA-4DE9-A447-6FB86F5A38C8}.Debug|x64.ActiveCfg = Debug|x64
		{BEC5D357-F8AA-4DE9-A447-6FB86F5A38C8}.Debug|x64.Build.0 = Debug|x64
		{BEC5D357-F8AA-4DE9-A447-6FB86F5A38C8}.Debug|x86.ActiveCfg = Debug|x86
		{BEC5D357-F8AA-4DE9-A447-6FB86F5A38C8}.Debug|x86.Build.0 = Debug|x86
		{BEC5D357-F8AA-4DE9-A447-6FB86F5A38C8}.Release|Any CPU.ActiveCfg = Release|Any CPU
		{BEC5D357-F8AA-4DE9-A447-6FB86F5A38C8}.Release|Any CPU.Build.0 = Release|Any CPU
		{BEC5D357-F8AA-4DE9-A447-6FB86F5A38C8}.Release|ARM32.ActiveCfg = Release|ARM32
		{BEC5D357-F8AA-4DE9-A447-6FB86F5A38C8}.Release|ARM32.Build.0 = Release|ARM32
		{BEC5D357-F8AA-4DE9-A447-6FB86F5A38C8}.Release|ARM64.ActiveCfg = Release|ARM64
		{BEC5D357-F8AA-4DE9-A447-6FB86F5A38C8}.Release|ARM64.Build.0 = Release|ARM64
		{BEC5D357-F8AA-4DE9-A447-6FB86F5A38C8}.Release|x64.ActiveCfg = Release|x64
		{BEC5D357-F8AA-4DE9-A447-6FB86F5A38C8}.Release|x64.Build.0 = Release|x64
		{BEC5D357-F8AA-4DE9-A447-6FB86F5A38C8}.Release|x86.ActiveCfg = Release|x86
		{BEC5D357-F8AA-4DE9-A447-6FB86F5A38C8}.Release|x86.Build.0 = Release|x86
		{FDA7D1FB-8B69-458E-B1F3-67BC7C68B6DA}.Debug|Any CPU.ActiveCfg = Debug|Any CPU
		{FDA7D1FB-8B69-458E-B1F3-67BC7C68B6DA}.Debug|Any CPU.Build.0 = Debug|Any CPU
		{FDA7D1FB-8B69-458E-B1F3-67BC7C68B6DA}.Debug|ARM32.ActiveCfg = Debug|ARM32
		{FDA7D1FB-8B69-458E-B1F3-67BC7C68B6DA}.Debug|ARM32.Build.0 = Debug|ARM32
		{FDA7D1FB-8B69-458E-B1F3-67BC7C68B6DA}.Debug|ARM64.ActiveCfg = Debug|ARM64
		{FDA7D1FB-8B69-458E-B1F3-67BC7C68B6DA}.Debug|ARM64.Build.0 = Debug|ARM64
		{FDA7D1FB-8B69-458E-B1F3-67BC7C68B6DA}.Debug|x64.ActiveCfg = Debug|x64
		{FDA7D1FB-8B69-458E-B1F3-67BC7C68B6DA}.Debug|x64.Build.0 = Debug|x64
		{FDA7D1FB-8B69-458E-B1F3-67BC7C68B6DA}.Debug|x86.ActiveCfg = Debug|x86
		{FDA7D1FB-8B69-458E-B1F3-67BC7C68B6DA}.Debug|x86.Build.0 = Debug|x86
		{FDA7D1FB-8B69-458E-B1F3-67BC7C68B6DA}.Release|Any CPU.ActiveCfg = Release|Any CPU
		{FDA7D1FB-8B69-458E-B1F3-67BC7C68B6DA}.Release|Any CPU.Build.0 = Release|Any CPU
		{FDA7D1FB-8B69-458E-B1F3-67BC7C68B6DA}.Release|ARM32.ActiveCfg = Release|ARM32
		{FDA7D1FB-8B69-458E-B1F3-67BC7C68B6DA}.Release|ARM32.Build.0 = Release|ARM32
		{FDA7D1FB-8B69-458E-B1F3-67BC7C68B6DA}.Release|ARM64.ActiveCfg = Release|ARM64
		{FDA7D1FB-8B69-458E-B1F3-67BC7C68B6DA}.Release|ARM64.Build.0 = Release|ARM64
		{FDA7D1FB-8B69-458E-B1F3-67BC7C68B6DA}.Release|x64.ActiveCfg = Release|x64
		{FDA7D1FB-8B69-458E-B1F3-67BC7C68B6DA}.Release|x64.Build.0 = Release|x64
		{FDA7D1FB-8B69-458E-B1F3-67BC7C68B6DA}.Release|x86.ActiveCfg = Release|x86
		{FDA7D1FB-8B69-458E-B1F3-67BC7C68B6DA}.Release|x86.Build.0 = Release|x86
	EndGlobalSection
	GlobalSection(SolutionProperties) = preSolution
		HideSolutionNode = FALSE
	EndGlobalSection
	GlobalSection(ExtensibilityGlobals) = postSolution
		SolutionGuid = {463CAA8B-D73D-4065-A6F9-3844C8C27958}
	EndGlobalSection
EndGlobal
