
Microsoft Visual Studio Solution File, Format Version 12.00
# Visual Studio Version 17
VisualStudioVersion = 17.5.33502.453
MinimumVisualStudioVersion = 10.0.40219.1
Project("{9A19103F-16F7-4668-BE54-9A1E7A4F7556}") = "PatchTest", "PatchTest\PatchTest.csproj", "{9942BDF2-26C6-4D5B-9983-41119C6B3657}"
EndProject
Project("{9A19103F-16F7-4668-BE54-9A1E7A4F7556}") = "wonderlab", "..\wonderlab.override\wonderlab\wonderlab.csproj", "{A04B9B1F-2574-48C8-97D5-04536EC2F1A4}"
EndProject
Project("{9A19103F-16F7-4668-BE54-9A1E7A4F7556}") = "wonderlab.control", "..\wonderlab.override\wonderlab.control\wonderlab.control.csproj", "{FCA9FBB7-E9FA-409D-B262-D17B1A9343A3}"
EndProject
Project("{9A19103F-16F7-4668-BE54-9A1E7A4F7556}") = "wonderlab.Core", "..\wonderlab.override\wonderlab.Core\wonderlab.Core.csproj", "{2D9CDF74-3FDE-4D8F-BF4F-A9E772ED87D9}"
EndProject
Project("{9A19103F-16F7-4668-BE54-9A1E7A4F7556}") = "wonderlab.McProtocol", "..\wonderlab.override\wonderlab.McProtocol\wonderlab.McProtocol.csproj", "{4E1BCC27-7FDB-44D1-BB4D-F48DE87BD7EB}"
EndProject
Project("{9A19103F-16F7-4668-BE54-9A1E7A4F7556}") = "wonderlab.PluginLoader", "..\wonderlab.override\wonderlab.PluginLoader\wonderlab.PluginLoader.csproj", "{D86E6884-BCBA-4BC6-AB97-E91EF58425D5}"
EndProject
Global
	GlobalSection(SolutionConfigurationPlatforms) = preSolution
		Debug|Any CPU = Debug|Any CPU
		Debug|ARM32 = Debug|ARM32
		Debug|ARM64 = Debug|ARM64
		Debug|x64 = Debug|x64
		Debug|x86 = Debug|x86
		Release|Any CPU = Release|Any CPU
		Release|ARM32 = Release|ARM32
		Release|ARM64 = Release|ARM64
		Release|x64 = Release|x64
		Release|x86 = Release|x86
	EndGlobalSection
	GlobalSection(ProjectConfigurationPlatforms) = postSolution
		{9942BDF2-26C6-4D5B-9983-41119C6B3657}.Debug|Any CPU.ActiveCfg = Debug|Any CPU
		{9942BDF2-26C6-4D5B-9983-41119C6B3657}.Debug|Any CPU.Build.0 = Debug|Any CPU
		{9942BDF2-26C6-4D5B-9983-41119C6B3657}.Debug|ARM32.ActiveCfg = Debug|Any CPU
		{9942BDF2-26C6-4D5B-9983-41119C6B3657}.Debug|ARM32.Build.0 = Debug|Any CPU
		{9942BDF2-26C6-4D5B-9983-41119C6B3657}.Debug|ARM64.ActiveCfg = Debug|Any CPU
		{9942BDF2-26C6-4D5B-9983-41119C6B3657}.Debug|ARM64.Build.0 = Debug|Any CPU
		{9942BDF2-26C6-4D5B-9983-41119C6B3657}.Debug|x64.ActiveCfg = Debug|Any CPU
		{9942BDF2-26C6-4D5B-9983-41119C6B3657}.Debug|x64.Build.0 = Debug|Any CPU
		{9942BDF2-26C6-4D5B-9983-41119C6B3657}.Debug|x86.ActiveCfg = Debug|Any CPU
		{9942BDF2-26C6-4D5B-9983-41119C6B3657}.Debug|x86.Build.0 = Debug|Any CPU
		{9942BDF2-26C6-4D5B-9983-41119C6B3657}.Release|Any CPU.ActiveCfg = Release|Any CPU
		{9942BDF2-26C6-4D5B-9983-41119C6B3657}.Release|Any CPU.Build.0 = Release|Any CPU
		{9942BDF2-26C6-4D5B-9983-41119C6B3657}.Release|ARM32.ActiveCfg = Release|Any CPU
		{9942BDF2-26C6-4D5B-9983-41119C6B3657}.Release|ARM32.Build.0 = Release|Any CPU
		{9942BDF2-26C6-4D5B-9983-41119C6B3657}.Release|ARM64.ActiveCfg = Release|Any CPU
		{9942BDF2-26C6-4D5B-9983-41119C6B3657}.Release|ARM64.Build.0 = Release|Any CPU
		{9942BDF2-26C6-4D5B-9983-41119C6B3657}.Release|x64.ActiveCfg = Release|Any CPU
		{9942BDF2-26C6-4D5B-9983-41119C6B3657}.Release|x64.Build.0 = Release|Any CPU
		{9942BDF2-26C6-4D5B-9983-41119C6B3657}.Release|x86.ActiveCfg = Release|Any CPU
		{9942BDF2-26C6-4D5B-9983-41119C6B3657}.Release|x86.Build.0 = Release|Any CPU
		{A04B9B1F-2574-48C8-97D5-04536EC2F1A4}.Debug|Any CPU.ActiveCfg = Debug|Any CPU
		{A04B9B1F-2574-48C8-97D5-04536EC2F1A4}.Debug|Any CPU.Build.0 = Debug|Any CPU
		{A04B9B1F-2574-48C8-97D5-04536EC2F1A4}.Debug|ARM32.ActiveCfg = Debug|ARM32
		{A04B9B1F-2574-48C8-97D5-04536EC2F1A4}.Debug|ARM32.Build.0 = Debug|ARM32
		{A04B9B1F-2574-48C8-97D5-04536EC2F1A4}.Debug|ARM64.ActiveCfg = Debug|ARM64
		{A04B9B1F-2574-48C8-97D5-04536EC2F1A4}.Debug|ARM64.Build.0 = Debug|ARM64
		{A04B9B1F-2574-48C8-97D5-04536EC2F1A4}.Debug|x64.ActiveCfg = Debug|x64
		{A04B9B1F-2574-48C8-97D5-04536EC2F1A4}.Debug|x64.Build.0 = Debug|x64
		{A04B9B1F-2574-48C8-97D5-04536EC2F1A4}.Debug|x86.ActiveCfg = Debug|x86
		{A04B9B1F-2574-48C8-97D5-04536EC2F1A4}.Debug|x86.Build.0 = Debug|x86
		{A04B9B1F-2574-48C8-97D5-04536EC2F1A4}.Release|Any CPU.ActiveCfg = Release|Any CPU
		{A04B9B1F-2574-48C8-97D5-04536EC2F1A4}.Release|Any CPU.Build.0 = Release|Any CPU
		{A04B9B1F-2574-48C8-97D5-04536EC2F1A4}.Release|ARM32.ActiveCfg = Release|ARM32
		{A04B9B1F-2574-48C8-97D5-04536EC2F1A4}.Release|ARM32.Build.0 = Release|ARM32
		{A04B9B1F-2574-48C8-97D5-04536EC2F1A4}.Release|ARM64.ActiveCfg = Release|ARM64
		{A04B9B1F-2574-48C8-97D5-04536EC2F1A4}.Release|ARM64.Build.0 = Release|ARM64
		{A04B9B1F-2574-48C8-97D5-04536EC2F1A4}.Release|x64.ActiveCfg = Release|x64
		{A04B9B1F-2574-48C8-97D5-04536EC2F1A4}.Release|x64.Build.0 = Release|x64
		{A04B9B1F-2574-48C8-97D5-04536EC2F1A4}.Release|x86.ActiveCfg = Release|x86
		{A04B9B1F-2574-48C8-97D5-04536EC2F1A4}.Release|x86.Build.0 = Release|x86
		{FCA9FBB7-E9FA-409D-B262-D17B1A9343A3}.Debug|Any CPU.ActiveCfg = Debug|Any CPU
		{FCA9FBB7-E9FA-409D-B262-D17B1A9343A3}.Debug|Any CPU.Build.0 = Debug|Any CPU
		{FCA9FBB7-E9FA-409D-B262-D17B1A9343A3}.Debug|ARM32.ActiveCfg = Debug|ARM32
		{FCA9FBB7-E9FA-409D-B262-D17B1A9343A3}.Debug|ARM32.Build.0 = Debug|ARM32
		{FCA9FBB7-E9FA-409D-B262-D17B1A9343A3}.Debug|ARM64.ActiveCfg = Debug|ARM64
		{FCA9FBB7-E9FA-409D-B262-D17B1A9343A3}.Debug|ARM64.Build.0 = Debug|ARM64
		{FCA9FBB7-E9FA-409D-B262-D17B1A9343A3}.Debug|x64.ActiveCfg = Debug|x64
		{FCA9FBB7-E9FA-409D-B262-D17B1A9343A3}.Debug|x64.Build.0 = Debug|x64
		{FCA9FBB7-E9FA-409D-B262-D17B1A9343A3}.Debug|x86.ActiveCfg = Debug|x86
		{FCA9FBB7-E9FA-409D-B262-D17B1A9343A3}.Debug|x86.Build.0 = Debug|x86
		{FCA9FBB7-E9FA-409D-B262-D17B1A9343A3}.Release|Any CPU.ActiveCfg = Release|Any CPU
		{FCA9FBB7-E9FA-409D-B262-D17B1A9343A3}.Release|Any CPU.Build.0 = Release|Any CPU
		{FCA9FBB7-E9FA-409D-B262-D17B1A9343A3}.Release|ARM32.ActiveCfg = Release|ARM32
		{FCA9FBB7-E9FA-409D-B262-D17B1A9343A3}.Release|ARM32.Build.0 = Release|ARM32
		{FCA9FBB7-E9FA-409D-B262-D17B1A9343A3}.Release|ARM64.ActiveCfg = Release|ARM64
		{FCA9FBB7-E9FA-409D-B262-D17B1A9343A3}.Release|ARM64.Build.0 = Release|ARM64
		{FCA9FBB7-E9FA-409D-B262-D17B1A9343A3}.Release|x64.ActiveCfg = Release|x64
		{FCA9FBB7-E9FA-409D-B262-D17B1A9343A3}.Release|x64.Build.0 = Release|x64
		{FCA9FBB7-E9FA-409D-B262-D17B1A9343A3}.Release|x86.ActiveCfg = Release|x86
		{FCA9FBB7-E9FA-409D-B262-D17B1A9343A3}.Release|x86.Build.0 = Release|x86
		{2D9CDF74-3FDE-4D8F-BF4F-A9E772ED87D9}.Debug|Any CPU.ActiveCfg = Debug|Any CPU
		{2D9CDF74-3FDE-4D8F-BF4F-A9E772ED87D9}.Debug|Any CPU.Build.0 = Debug|Any CPU
		{2D9CDF74-3FDE-4D8F-BF4F-A9E772ED87D9}.Debug|ARM32.ActiveCfg = Debug|ARM32
		{2D9CDF74-3FDE-4D8F-BF4F-A9E772ED87D9}.Debug|ARM32.Build.0 = Debug|ARM32
		{2D9CDF74-3FDE-4D8F-BF4F-A9E772ED87D9}.Debug|ARM64.ActiveCfg = Debug|ARM64
		{2D9CDF74-3FDE-4D8F-BF4F-A9E772ED87D9}.Debug|ARM64.Build.0 = Debug|ARM64
		{2D9CDF74-3FDE-4D8F-BF4F-A9E772ED87D9}.Debug|x64.ActiveCfg = Debug|x64
		{2D9CDF74-3FDE-4D8F-BF4F-A9E772ED87D9}.Debug|x64.Build.0 = Debug|x64
		{2D9CDF74-3FDE-4D8F-BF4F-A9E772ED87D9}.Debug|x86.ActiveCfg = Debug|x86
		{2D9CDF74-3FDE-4D8F-BF4F-A9E772ED87D9}.Debug|x86.Build.0 = Debug|x86
		{2D9CDF74-3FDE-4D8F-BF4F-A9E772ED87D9}.Release|Any CPU.ActiveCfg = Release|Any CPU
		{2D9CDF74-3FDE-4D8F-BF4F-A9E772ED87D9}.Release|Any CPU.Build.0 = Release|Any CPU
		{2D9CDF74-3FDE-4D8F-BF4F-A9E772ED87D9}.Release|ARM32.ActiveCfg = Release|ARM32
		{2D9CDF74-3FDE-4D8F-BF4F-A9E772ED87D9}.Release|ARM32.Build.0 = Release|ARM32
		{2D9CDF74-3FDE-4D8F-BF4F-A9E772ED87D9}.Release|ARM64.ActiveCfg = Release|ARM64
		{2D9CDF74-3FDE-4D8F-BF4F-A9E772ED87D9}.Release|ARM64.Build.0 = Release|ARM64
		{2D9CDF74-3FDE-4D8F-BF4F-A9E772ED87D9}.Release|x64.ActiveCfg = Release|x64
		{2D9CDF74-3FDE-4D8F-BF4F-A9E772ED87D9}.Release|x64.Build.0 = Release|x64
		{2D9CDF74-3FDE-4D8F-BF4F-A9E772ED87D9}.Release|x86.ActiveCfg = Release|x86
		{2D9CDF74-3FDE-4D8F-BF4F-A9E772ED87D9}.Release|x86.Build.0 = Release|x86
		{4E1BCC27-7FDB-44D1-BB4D-F48DE87BD7EB}.Debug|Any CPU.ActiveCfg = Debug|Any CPU
		{4E1BCC27-7FDB-44D1-BB4D-F48DE87BD7EB}.Debug|Any CPU.Build.0 = Debug|Any CPU
		{4E1BCC27-7FDB-44D1-BB4D-F48DE87BD7EB}.Debug|ARM32.ActiveCfg = Debug|ARM32
		{4E1BCC27-7FDB-44D1-BB4D-F48DE87BD7EB}.Debug|ARM32.Build.0 = Debug|ARM32
		{4E1BCC27-7FDB-44D1-BB4D-F48DE87BD7EB}.Debug|ARM64.ActiveCfg = Debug|ARM64
		{4E1BCC27-7FDB-44D1-BB4D-F48DE87BD7EB}.Debug|ARM64.Build.0 = Debug|ARM64
		{4E1BCC27-7FDB-44D1-BB4D-F48DE87BD7EB}.Debug|x64.ActiveCfg = Debug|x64
		{4E1BCC27-7FDB-44D1-BB4D-F48DE87BD7EB}.Debug|x64.Build.0 = Debug|x64
		{4E1BCC27-7FDB-44D1-BB4D-F48DE87BD7EB}.Debug|x86.ActiveCfg = Debug|x86
		{4E1BCC27-7FDB-44D1-BB4D-F48DE87BD7EB}.Debug|x86.Build.0 = Debug|x86
		{4E1BCC27-7FDB-44D1-BB4D-F48DE87BD7EB}.Release|Any CPU.ActiveCfg = Release|Any CPU
		{4E1BCC27-7FDB-44D1-BB4D-F48DE87BD7EB}.Release|Any CPU.Build.0 = Release|Any CPU
		{4E1BCC27-7FDB-44D1-BB4D-F48DE87BD7EB}.Release|ARM32.ActiveCfg = Release|ARM32
		{4E1BCC27-7FDB-44D1-BB4D-F48DE87BD7EB}.Release|ARM32.Build.0 = Release|ARM32
		{4E1BCC27-7FDB-44D1-BB4D-F48DE87BD7EB}.Release|ARM64.ActiveCfg = Release|ARM64
		{4E1BCC27-7FDB-44D1-BB4D-F48DE87BD7EB}.Release|ARM64.Build.0 = Release|ARM64
		{4E1BCC27-7FDB-44D1-BB4D-F48DE87BD7EB}.Release|x64.ActiveCfg = Release|x64
		{4E1BCC27-7FDB-44D1-BB4D-F48DE87BD7EB}.Release|x64.Build.0 = Release|x64
		{4E1BCC27-7FDB-44D1-BB4D-F48DE87BD7EB}.Release|x86.ActiveCfg = Release|x86
		{4E1BCC27-7FDB-44D1-BB4D-F48DE87BD7EB}.Release|x86.Build.0 = Release|x86
		{D86E6884-BCBA-4BC6-AB97-E91EF58425D5}.Debug|Any CPU.ActiveCfg = Debug|Any CPU
		{D86E6884-BCBA-4BC6-AB97-E91EF58425D5}.Debug|Any CPU.Build.0 = Debug|Any CPU
		{D86E6884-BCBA-4BC6-AB97-E91EF58425D5}.Debug|ARM32.ActiveCfg = Debug|ARM32
		{D86E6884-BCBA-4BC6-AB97-E91EF58425D5}.Debug|ARM32.Build.0 = Debug|ARM32
		{D86E6884-BCBA-4BC6-AB97-E91EF58425D5}.Debug|ARM64.ActiveCfg = Debug|ARM64
		{D86E6884-BCBA-4BC6-AB97-E91EF58425D5}.Debug|ARM64.Build.0 = Debug|ARM64
		{D86E6884-BCBA-4BC6-AB97-E91EF58425D5}.Debug|x64.ActiveCfg = Debug|x64
		{D86E6884-BCBA-4BC6-AB97-E91EF58425D5}.Debug|x64.Build.0 = Debug|x64
		{D86E6884-BCBA-4BC6-AB97-E91EF58425D5}.Debug|x86.ActiveCfg = Debug|x86
		{D86E6884-BCBA-4BC6-AB97-E91EF58425D5}.Debug|x86.Build.0 = Debug|x86
		{D86E6884-BCBA-4BC6-AB97-E91EF58425D5}.Release|Any CPU.ActiveCfg = Release|Any CPU
		{D86E6884-BCBA-4BC6-AB97-E91EF58425D5}.Release|Any CPU.Build.0 = Release|Any CPU
		{D86E6884-BCBA-4BC6-AB97-E91EF58425D5}.Release|ARM32.ActiveCfg = Release|ARM32
		{D86E6884-BCBA-4BC6-AB97-E91EF58425D5}.Release|ARM32.Build.0 = Release|ARM32
		{D86E6884-BCBA-4BC6-AB97-E91EF58425D5}.Release|ARM64.ActiveCfg = Release|ARM64
		{D86E6884-BCBA-4BC6-AB97-E91EF58425D5}.Release|ARM64.Build.0 = Release|ARM64
		{D86E6884-BCBA-4BC6-AB97-E91EF58425D5}.Release|x64.ActiveCfg = Release|x64
		{D86E6884-BCBA-4BC6-AB97-E91EF58425D5}.Release|x64.Build.0 = Release|x64
		{D86E6884-BCBA-4BC6-AB97-E91EF58425D5}.Release|x86.ActiveCfg = Release|x86
		{D86E6884-BCBA-4BC6-AB97-E91EF58425D5}.Release|x86.Build.0 = Release|x86
	EndGlobalSection
	GlobalSection(SolutionProperties) = preSolution
		HideSolutionNode = FALSE
	EndGlobalSection
	GlobalSection(ExtensibilityGlobals) = postSolution
		SolutionGuid = {463CAA8B-D73D-4065-A6F9-3844C8C27958}
	EndGlobalSection
EndGlobal
