
Microsoft Visual Studio Solution File, Format Version 12.00
# Visual Studio Version 17
VisualStudioVersion = 17.5.33424.131
MinimumVisualStudioVersion = 10.0.40219.1
Project("{9A19103F-16F7-4668-BE54-9A1E7A4F7556}") = "wonderlab", "wonderlab\wonderlab.csproj", "{C1896779-D3A3-498C-953B-3C671E32C5DB}"
EndProject
Project("{9A19103F-16F7-4668-BE54-9A1E7A4F7556}") = "wonderlab.control", "wonderlab.control\wonderlab.control.csproj", "{A903D303-84E3-4277-B930-B653ABDA939B}"
EndProject
Project("{2150E333-8FDC-42A3-9474-1A3956D46DE8}") = "Solution Items", "Solution Items", "{FC0DDF19-3D95-40A4-84C5-295A919D2271}"
	ProjectSection(SolutionItems) = preProject
		.editorconfig = .editorconfig
	EndProjectSection
EndProject
Project("{9A19103F-16F7-4668-BE54-9A1E7A4F7556}") = "MinecraftLaunch", "MinecraftLaunch\MinecraftLaunch.csproj", "{29F48761-18B0-49CB-8423-90835B0CC848}"
EndProject
Global
	GlobalSection(SolutionConfigurationPlatforms) = preSolution
		Debug|Any CPU = Debug|Any CPU
		Release|Any CPU = Release|Any CPU
	EndGlobalSection
	GlobalSection(ProjectConfigurationPlatforms) = postSolution
		{C1896779-D3A3-498C-953B-3C671E32C5DB}.Debug|Any CPU.ActiveCfg = Debug|Any CPU
		{C1896779-D3A3-498C-953B-3C671E32C5DB}.Debug|Any CPU.Build.0 = Debug|Any CPU
		{C1896779-D3A3-498C-953B-3C671E32C5DB}.Release|Any CPU.ActiveCfg = Release|Any CPU
		{C1896779-D3A3-498C-953B-3C671E32C5DB}.Release|Any CPU.Build.0 = Release|Any CPU
		{A903D303-84E3-4277-B930-B653ABDA939B}.Debug|Any CPU.ActiveCfg = Debug|Any CPU
		{A903D303-84E3-4277-B930-B653ABDA939B}.Debug|Any CPU.Build.0 = Debug|Any CPU
		{A903D303-84E3-4277-B930-B653ABDA939B}.Release|Any CPU.ActiveCfg = Release|Any CPU
		{A903D303-84E3-4277-B930-B653ABDA939B}.Release|Any CPU.Build.0 = Release|Any CPU
		{29F48761-18B0-49CB-8423-90835B0CC848}.Debug|Any CPU.ActiveCfg = Debug|Any CPU
		{29F48761-18B0-49CB-8423-90835B0CC848}.Debug|Any CPU.Build.0 = Debug|Any CPU
		{29F48761-18B0-49CB-8423-90835B0CC848}.Release|Any CPU.ActiveCfg = Release|Any CPU
		{29F48761-18B0-49CB-8423-90835B0CC848}.Release|Any CPU.Build.0 = Release|Any CPU
	EndGlobalSection
	GlobalSection(SolutionProperties) = preSolution
		HideSolutionNode = FALSE
	EndGlobalSection
	GlobalSection(ExtensibilityGlobals) = postSolution
		SolutionGuid = {AD3A822B-3FE7-482C-8580-FC97F4FC7E95}
	EndGlobalSection
EndGlobal
