
Microsoft Visual Studio Solution File, Format Version 12.00
# Visual Studio Version 17
VisualStudioVersion = 17.5.33424.131
MinimumVisualStudioVersion = 10.0.40219.1
Project("{9A19103F-16F7-4668-BE54-9A1E7A4F7556}") = "wonderlab", "wonderlab\wonderlab.csproj", "{C1896779-D3A3-498C-953B-3C671E32C5DB}"
EndProject
Project("{9A19103F-16F7-4668-BE54-9A1E7A4F7556}") = "wonderlab.control", "wonderlab.control\wonderlab.control.csproj", "{A903D303-84E3-4277-B930-B653ABDA939B}"
EndProject
Project("{2150E333-8FDC-42A3-9474-1A3956D46DE8}") = "Solution Items", "Solution Items", "{FC0DDF19-3D95-40A4-84C5-295A919D2271}"
	ProjectSection(SolutionItems) = preProject
		.editorconfig = .editorconfig
	EndProjectSection
EndProject
Project("{9A19103F-16F7-4668-BE54-9A1E7A4F7556}") = "MinecraftLaunch", "MinecraftLaunch\MinecraftLaunch.csproj", "{29F48761-18B0-49CB-8423-90835B0CC848}"
EndProject
Project("{9A19103F-16F7-4668-BE54-9A1E7A4F7556}") = "MinecraftProtocol", "MinecraftProtocol\MinecraftProtocol.csproj", "{77F44511-36FC-41F8-A9E3-6CA7B19A7287}"
EndProject
Project("{9A19103F-16F7-4668-BE54-9A1E7A4F7556}") = "PluginLoader", "PluginLoader\PluginLoader.csproj", "{CFF77AC7-822D-4178-9D1B-FDE2410C5DB3}"
EndProject
Global
	GlobalSection(SolutionConfigurationPlatforms) = preSolution
		Debug|Any CPU = Debug|Any CPU
		Debug|ARM32 = Debug|ARM32
		Debug|ARM64 = Debug|ARM64
		Debug|x64 = Debug|x64
		Debug|x86 = Debug|x86
		Release|Any CPU = Release|Any CPU
		Release|ARM32 = Release|ARM32
		Release|ARM64 = Release|ARM64
		Release|x64 = Release|x64
		Release|x86 = Release|x86
	EndGlobalSection
	GlobalSection(ProjectConfigurationPlatforms) = postSolution
		{C1896779-D3A3-498C-953B-3C671E32C5DB}.Debug|Any CPU.ActiveCfg = Debug|Any CPU
		{C1896779-D3A3-498C-953B-3C671E32C5DB}.Debug|Any CPU.Build.0 = Debug|Any CPU
		{C1896779-D3A3-498C-953B-3C671E32C5DB}.Debug|ARM32.ActiveCfg = Debug|ARM32
		{C1896779-D3A3-498C-953B-3C671E32C5DB}.Debug|ARM32.Build.0 = Debug|ARM32
		{C1896779-D3A3-498C-953B-3C671E32C5DB}.Debug|ARM64.ActiveCfg = Debug|ARM64
		{C1896779-D3A3-498C-953B-3C671E32C5DB}.Debug|ARM64.Build.0 = Debug|ARM64
		{C1896779-D3A3-498C-953B-3C671E32C5DB}.Debug|x64.ActiveCfg = Debug|x64
		{C1896779-D3A3-498C-953B-3C671E32C5DB}.Debug|x64.Build.0 = Debug|x64
		{C1896779-D3A3-498C-953B-3C671E32C5DB}.Debug|x86.ActiveCfg = Debug|x86
		{C1896779-D3A3-498C-953B-3C671E32C5DB}.Debug|x86.Build.0 = Debug|x86
		{C1896779-D3A3-498C-953B-3C671E32C5DB}.Release|Any CPU.ActiveCfg = Release|Any CPU
		{C1896779-D3A3-498C-953B-3C671E32C5DB}.Release|Any CPU.Build.0 = Release|Any CPU
		{C1896779-D3A3-498C-953B-3C671E32C5DB}.Release|ARM32.ActiveCfg = Release|ARM32
		{C1896779-D3A3-498C-953B-3C671E32C5DB}.Release|ARM32.Build.0 = Release|ARM32
		{C1896779-D3A3-498C-953B-3C671E32C5DB}.Release|ARM64.ActiveCfg = Release|ARM64
		{C1896779-D3A3-498C-953B-3C671E32C5DB}.Release|ARM64.Build.0 = Release|ARM64
		{C1896779-D3A3-498C-953B-3C671E32C5DB}.Release|x64.ActiveCfg = Release|x64
		{C1896779-D3A3-498C-953B-3C671E32C5DB}.Release|x64.Build.0 = Release|x64
		{C1896779-D3A3-498C-953B-3C671E32C5DB}.Release|x86.ActiveCfg = Release|x86
		{C1896779-D3A3-498C-953B-3C671E32C5DB}.Release|x86.Build.0 = Release|x86
		{A903D303-84E3-4277-B930-B653ABDA939B}.Debug|Any CPU.ActiveCfg = Debug|Any CPU
		{A903D303-84E3-4277-B930-B653ABDA939B}.Debug|Any CPU.Build.0 = Debug|Any CPU
		{A903D303-84E3-4277-B930-B653ABDA939B}.Debug|ARM32.ActiveCfg = Debug|ARM32
		{A903D303-84E3-4277-B930-B653ABDA939B}.Debug|ARM32.Build.0 = Debug|ARM32
		{A903D303-84E3-4277-B930-B653ABDA939B}.Debug|ARM64.ActiveCfg = Debug|ARM64
		{A903D303-84E3-4277-B930-B653ABDA939B}.Debug|ARM64.Build.0 = Debug|ARM64
		{A903D303-84E3-4277-B930-B653ABDA939B}.Debug|x64.ActiveCfg = Debug|x64
		{A903D303-84E3-4277-B930-B653ABDA939B}.Debug|x64.Build.0 = Debug|x64
		{A903D303-84E3-4277-B930-B653ABDA939B}.Debug|x86.ActiveCfg = Debug|x86
		{A903D303-84E3-4277-B930-B653ABDA939B}.Debug|x86.Build.0 = Debug|x86
		{A903D303-84E3-4277-B930-B653ABDA939B}.Release|Any CPU.ActiveCfg = Release|Any CPU
		{A903D303-84E3-4277-B930-B653ABDA939B}.Release|Any CPU.Build.0 = Release|Any CPU
		{A903D303-84E3-4277-B930-B653ABDA939B}.Release|ARM32.ActiveCfg = Release|ARM32
		{A903D303-84E3-4277-B930-B653ABDA939B}.Release|ARM32.Build.0 = Release|ARM32
		{A903D303-84E3-4277-B930-B653ABDA939B}.Release|ARM64.ActiveCfg = Release|ARM64
		{A903D303-84E3-4277-B930-B653ABDA939B}.Release|ARM64.Build.0 = Release|ARM64
		{A903D303-84E3-4277-B930-B653ABDA939B}.Release|x64.ActiveCfg = Release|x64
		{A903D303-84E3-4277-B930-B653ABDA939B}.Release|x64.Build.0 = Release|x64
		{A903D303-84E3-4277-B930-B653ABDA939B}.Release|x86.ActiveCfg = Release|x86
		{A903D303-84E3-4277-B930-B653ABDA939B}.Release|x86.Build.0 = Release|x86
		{29F48761-18B0-49CB-8423-90835B0CC848}.Debug|Any CPU.ActiveCfg = Debug|Any CPU
		{29F48761-18B0-49CB-8423-90835B0CC848}.Debug|Any CPU.Build.0 = Debug|Any CPU
		{29F48761-18B0-49CB-8423-90835B0CC848}.Debug|ARM32.ActiveCfg = Debug|ARM32
		{29F48761-18B0-49CB-8423-90835B0CC848}.Debug|ARM32.Build.0 = Debug|ARM32
		{29F48761-18B0-49CB-8423-90835B0CC848}.Debug|ARM64.ActiveCfg = Debug|ARM64
		{29F48761-18B0-49CB-8423-90835B0CC848}.Debug|ARM64.Build.0 = Debug|ARM64
		{29F48761-18B0-49CB-8423-90835B0CC848}.Debug|x64.ActiveCfg = Debug|x64
		{29F48761-18B0-49CB-8423-90835B0CC848}.Debug|x64.Build.0 = Debug|x64
		{29F48761-18B0-49CB-8423-90835B0CC848}.Debug|x86.ActiveCfg = Debug|x86
		{29F48761-18B0-49CB-8423-90835B0CC848}.Debug|x86.Build.0 = Debug|x86
		{29F48761-18B0-49CB-8423-90835B0CC848}.Release|Any CPU.ActiveCfg = Release|Any CPU
		{29F48761-18B0-49CB-8423-90835B0CC848}.Release|Any CPU.Build.0 = Release|Any CPU
		{29F48761-18B0-49CB-8423-90835B0CC848}.Release|ARM32.ActiveCfg = Release|ARM32
		{29F48761-18B0-49CB-8423-90835B0CC848}.Release|ARM32.Build.0 = Release|ARM32
		{29F48761-18B0-49CB-8423-90835B0CC848}.Release|ARM64.ActiveCfg = Release|ARM64
		{29F48761-18B0-49CB-8423-90835B0CC848}.Release|ARM64.Build.0 = Release|ARM64
		{29F48761-18B0-49CB-8423-90835B0CC848}.Release|x64.ActiveCfg = Release|x64
		{29F48761-18B0-49CB-8423-90835B0CC848}.Release|x64.Build.0 = Release|x64
		{29F48761-18B0-49CB-8423-90835B0CC848}.Release|x86.ActiveCfg = Release|x86
		{29F48761-18B0-49CB-8423-90835B0CC848}.Release|x86.Build.0 = Release|x86
		{77F44511-36FC-41F8-A9E3-6CA7B19A7287}.Debug|Any CPU.ActiveCfg = Debug|Any CPU
		{77F44511-36FC-41F8-A9E3-6CA7B19A7287}.Debug|Any CPU.Build.0 = Debug|Any CPU
		{77F44511-36FC-41F8-A9E3-6CA7B19A7287}.Debug|ARM32.ActiveCfg = Debug|ARM32
		{77F44511-36FC-41F8-A9E3-6CA7B19A7287}.Debug|ARM32.Build.0 = Debug|ARM32
		{77F44511-36FC-41F8-A9E3-6CA7B19A7287}.Debug|ARM64.ActiveCfg = Debug|ARM64
		{77F44511-36FC-41F8-A9E3-6CA7B19A7287}.Debug|ARM64.Build.0 = Debug|ARM64
		{77F44511-36FC-41F8-A9E3-6CA7B19A7287}.Debug|x64.ActiveCfg = Debug|x64
		{77F44511-36FC-41F8-A9E3-6CA7B19A7287}.Debug|x64.Build.0 = Debug|x64
		{77F44511-36FC-41F8-A9E3-6CA7B19A7287}.Debug|x86.ActiveCfg = Debug|x86
		{77F44511-36FC-41F8-A9E3-6CA7B19A7287}.Debug|x86.Build.0 = Debug|x86
		{77F44511-36FC-41F8-A9E3-6CA7B19A7287}.Release|Any CPU.ActiveCfg = Release|Any CPU
		{77F44511-36FC-41F8-A9E3-6CA7B19A7287}.Release|Any CPU.Build.0 = Release|Any CPU
		{77F44511-36FC-41F8-A9E3-6CA7B19A7287}.Release|ARM32.ActiveCfg = Release|ARM32
		{77F44511-36FC-41F8-A9E3-6CA7B19A7287}.Release|ARM32.Build.0 = Release|ARM32
		{77F44511-36FC-41F8-A9E3-6CA7B19A7287}.Release|ARM64.ActiveCfg = Release|ARM64
		{77F44511-36FC-41F8-A9E3-6CA7B19A7287}.Release|ARM64.Build.0 = Release|ARM64
		{77F44511-36FC-41F8-A9E3-6CA7B19A7287}.Release|x64.ActiveCfg = Release|x64
		{77F44511-36FC-41F8-A9E3-6CA7B19A7287}.Release|x64.Build.0 = Release|x64
		{77F44511-36FC-41F8-A9E3-6CA7B19A7287}.Release|x86.ActiveCfg = Release|x86
		{77F44511-36FC-41F8-A9E3-6CA7B19A7287}.Release|x86.Build.0 = Release|x86
		{CFF77AC7-822D-4178-9D1B-FDE2410C5DB3}.Debug|Any CPU.ActiveCfg = Debug|Any CPU
		{CFF77AC7-822D-4178-9D1B-FDE2410C5DB3}.Debug|Any CPU.Build.0 = Debug|Any CPU
		{CFF77AC7-822D-4178-9D1B-FDE2410C5DB3}.Debug|ARM32.ActiveCfg = Debug|ARM32
		{CFF77AC7-822D-4178-9D1B-FDE2410C5DB3}.Debug|ARM32.Build.0 = Debug|ARM32
		{CFF77AC7-822D-4178-9D1B-FDE2410C5DB3}.Debug|ARM64.ActiveCfg = Debug|ARM64
		{CFF77AC7-822D-4178-9D1B-FDE2410C5DB3}.Debug|ARM64.Build.0 = Debug|ARM64
		{CFF77AC7-822D-4178-9D1B-FDE2410C5DB3}.Debug|x64.ActiveCfg = Debug|x64
		{CFF77AC7-822D-4178-9D1B-FDE2410C5DB3}.Debug|x64.Build.0 = Debug|x64
		{CFF77AC7-822D-4178-9D1B-FDE2410C5DB3}.Debug|x86.ActiveCfg = Debug|x86
		{CFF77AC7-822D-4178-9D1B-FDE2410C5DB3}.Debug|x86.Build.0 = Debug|x86
		{CFF77AC7-822D-4178-9D1B-FDE2410C5DB3}.Release|Any CPU.ActiveCfg = Release|Any CPU
		{CFF77AC7-822D-4178-9D1B-FDE2410C5DB3}.Release|Any CPU.Build.0 = Release|Any CPU
		{CFF77AC7-822D-4178-9D1B-FDE2410C5DB3}.Release|ARM32.ActiveCfg = Release|ARM32
		{CFF77AC7-822D-4178-9D1B-FDE2410C5DB3}.Release|ARM32.Build.0 = Release|ARM32
		{CFF77AC7-822D-4178-9D1B-FDE2410C5DB3}.Release|ARM64.ActiveCfg = Release|ARM64
		{CFF77AC7-822D-4178-9D1B-FDE2410C5DB3}.Release|ARM64.Build.0 = Release|ARM64
		{CFF77AC7-822D-4178-9D1B-FDE2410C5DB3}.Release|x64.ActiveCfg = Release|x64
		{CFF77AC7-822D-4178-9D1B-FDE2410C5DB3}.Release|x64.Build.0 = Release|x64
		{CFF77AC7-822D-4178-9D1B-FDE2410C5DB3}.Release|x86.ActiveCfg = Release|x86
		{CFF77AC7-822D-4178-9D1B-FDE2410C5DB3}.Release|x86.Build.0 = Release|x86
	EndGlobalSection
	GlobalSection(SolutionProperties) = preSolution
		HideSolutionNode = FALSE
	EndGlobalSection
	GlobalSection(ExtensibilityGlobals) = postSolution
		SolutionGuid = {AD3A822B-3FE7-482C-8580-FC97F4FC7E95}
	EndGlobalSection
EndGlobal
