
Microsoft Visual Studio Solution File, Format Version 12.00
# Visual Studio Version 17
VisualStudioVersion = 17.5.33424.131
MinimumVisualStudioVersion = 10.0.40219.1
Project("{9A19103F-16F7-4668-BE54-9A1E7A4F7556}") = "wonderlab", "wonderlab\wonderlab.csproj", "{C1896779-D3A3-498C-953B-3C671E32C5DB}"
EndProject
Project("{2150E333-8FDC-42A3-9474-1A3956D46DE8}") = "Solution Items", "Solution Items", "{FC0DDF19-3D95-40A4-84C5-295A919D2271}"
	ProjectSection(SolutionItems) = preProject
		.editorconfig = .editorconfig
	EndProjectSection
EndProject
Project("{9A19103F-16F7-4668-BE54-9A1E7A4F7556}") = "wonderlab.McProtocol", "wonderlab.McProtocol\wonderlab.McProtocol.csproj", "{B3AD6662-1109-42A6-9772-68A0F9CB5E16}"
EndProject
Project("{9A19103F-16F7-4668-BE54-9A1E7A4F7556}") = "wonderlab.Core", "wonderlab.Core\wonderlab.Core.csproj", "{28C060C5-48E2-4031-80E8-DA02E342F046}"
EndProject
Project("{9A19103F-16F7-4668-BE54-9A1E7A4F7556}") = "wonderlab.PluginLoader", "wonderlab.PluginLoader\wonderlab.PluginLoader.csproj", "{A9F057FF-3A88-4907-BEFC-1D17523DE12A}"
EndProject
Project("{9A19103F-16F7-4668-BE54-9A1E7A4F7556}") = "wonderlab.Control", "wonderlab.Control\wonderlab.Control.csproj", "{ABB0E62A-CB9D-4B3F-8F68-812DD2AB02D2}"
EndProject
Global
	GlobalSection(SolutionConfigurationPlatforms) = preSolution
		Debug|Any CPU = Debug|Any CPU
		Debug|ARM32 = Debug|ARM32
		Debug|ARM64 = Debug|ARM64
		Debug|x64 = Debug|x64
		Debug|x86 = Debug|x86
		Release|Any CPU = Release|Any CPU
		Release|ARM32 = Release|ARM32
		Release|ARM64 = Release|ARM64
		Release|x64 = Release|x64
		Release|x86 = Release|x86
	EndGlobalSection
	GlobalSection(ProjectConfigurationPlatforms) = postSolution
		{C1896779-D3A3-498C-953B-3C671E32C5DB}.Debug|Any CPU.ActiveCfg = Debug|Any CPU
		{C1896779-D3A3-498C-953B-3C671E32C5DB}.Debug|Any CPU.Build.0 = Debug|Any CPU
		{C1896779-D3A3-498C-953B-3C671E32C5DB}.Debug|ARM32.ActiveCfg = Debug|ARM32
		{C1896779-D3A3-498C-953B-3C671E32C5DB}.Debug|ARM32.Build.0 = Debug|ARM32
		{C1896779-D3A3-498C-953B-3C671E32C5DB}.Debug|ARM64.ActiveCfg = Debug|ARM64
		{C1896779-D3A3-498C-953B-3C671E32C5DB}.Debug|ARM64.Build.0 = Debug|ARM64
		{C1896779-D3A3-498C-953B-3C671E32C5DB}.Debug|x64.ActiveCfg = Debug|x64
		{C1896779-D3A3-498C-953B-3C671E32C5DB}.Debug|x64.Build.0 = Debug|x64
		{C1896779-D3A3-498C-953B-3C671E32C5DB}.Debug|x86.ActiveCfg = Debug|x86
		{C1896779-D3A3-498C-953B-3C671E32C5DB}.Debug|x86.Build.0 = Debug|x86
		{C1896779-D3A3-498C-953B-3C671E32C5DB}.Release|Any CPU.ActiveCfg = Release|Any CPU
		{C1896779-D3A3-498C-953B-3C671E32C5DB}.Release|Any CPU.Build.0 = Release|Any CPU
		{C1896779-D3A3-498C-953B-3C671E32C5DB}.Release|ARM32.ActiveCfg = Release|ARM32
		{C1896779-D3A3-498C-953B-3C671E32C5DB}.Release|ARM32.Build.0 = Release|ARM32
		{C1896779-D3A3-498C-953B-3C671E32C5DB}.Release|ARM64.ActiveCfg = Release|ARM64
		{C1896779-D3A3-498C-953B-3C671E32C5DB}.Release|ARM64.Build.0 = Release|ARM64
		{C1896779-D3A3-498C-953B-3C671E32C5DB}.Release|x64.ActiveCfg = Release|x64
		{C1896779-D3A3-498C-953B-3C671E32C5DB}.Release|x64.Build.0 = Release|x64
		{C1896779-D3A3-498C-953B-3C671E32C5DB}.Release|x86.ActiveCfg = Release|x86
		{C1896779-D3A3-498C-953B-3C671E32C5DB}.Release|x86.Build.0 = Release|x86
		{B3AD6662-1109-42A6-9772-68A0F9CB5E16}.Debug|Any CPU.ActiveCfg = Debug|Any CPU
		{B3AD6662-1109-42A6-9772-68A0F9CB5E16}.Debug|Any CPU.Build.0 = Debug|Any CPU
		{B3AD6662-1109-42A6-9772-68A0F9CB5E16}.Debug|ARM32.ActiveCfg = Debug|ARM32
		{B3AD6662-1109-42A6-9772-68A0F9CB5E16}.Debug|ARM32.Build.0 = Debug|ARM32
		{B3AD6662-1109-42A6-9772-68A0F9CB5E16}.Debug|ARM64.ActiveCfg = Debug|ARM64
		{B3AD6662-1109-42A6-9772-68A0F9CB5E16}.Debug|ARM64.Build.0 = Debug|ARM64
		{B3AD6662-1109-42A6-9772-68A0F9CB5E16}.Debug|x64.ActiveCfg = Debug|x64
		{B3AD6662-1109-42A6-9772-68A0F9CB5E16}.Debug|x64.Build.0 = Debug|x64
		{B3AD6662-1109-42A6-9772-68A0F9CB5E16}.Debug|x86.ActiveCfg = Debug|x86
		{B3AD6662-1109-42A6-9772-68A0F9CB5E16}.Debug|x86.Build.0 = Debug|x86
		{B3AD6662-1109-42A6-9772-68A0F9CB5E16}.Release|Any CPU.ActiveCfg = Release|Any CPU
		{B3AD6662-1109-42A6-9772-68A0F9CB5E16}.Release|Any CPU.Build.0 = Release|Any CPU
		{B3AD6662-1109-42A6-9772-68A0F9CB5E16}.Release|ARM32.ActiveCfg = Release|ARM32
		{B3AD6662-1109-42A6-9772-68A0F9CB5E16}.Release|ARM32.Build.0 = Release|ARM32
		{B3AD6662-1109-42A6-9772-68A0F9CB5E16}.Release|ARM64.ActiveCfg = Release|ARM64
		{B3AD6662-1109-42A6-9772-68A0F9CB5E16}.Release|ARM64.Build.0 = Release|ARM64
		{B3AD6662-1109-42A6-9772-68A0F9CB5E16}.Release|x64.ActiveCfg = Release|x64
		{B3AD6662-1109-42A6-9772-68A0F9CB5E16}.Release|x64.Build.0 = Release|x64
		{B3AD6662-1109-42A6-9772-68A0F9CB5E16}.Release|x86.ActiveCfg = Release|x86
		{B3AD6662-1109-42A6-9772-68A0F9CB5E16}.Release|x86.Build.0 = Release|x86
		{28C060C5-48E2-4031-80E8-DA02E342F046}.Debug|Any CPU.ActiveCfg = Debug|Any CPU
		{28C060C5-48E2-4031-80E8-DA02E342F046}.Debug|Any CPU.Build.0 = Debug|Any CPU
		{28C060C5-48E2-4031-80E8-DA02E342F046}.Debug|ARM32.ActiveCfg = Debug|ARM32
		{28C060C5-48E2-4031-80E8-DA02E342F046}.Debug|ARM32.Build.0 = Debug|ARM32
		{28C060C5-48E2-4031-80E8-DA02E342F046}.Debug|ARM64.ActiveCfg = Debug|ARM64
		{28C060C5-48E2-4031-80E8-DA02E342F046}.Debug|ARM64.Build.0 = Debug|ARM64
		{28C060C5-48E2-4031-80E8-DA02E342F046}.Debug|x64.ActiveCfg = Debug|x64
		{28C060C5-48E2-4031-80E8-DA02E342F046}.Debug|x64.Build.0 = Debug|x64
		{28C060C5-48E2-4031-80E8-DA02E342F046}.Debug|x86.ActiveCfg = Debug|x86
		{28C060C5-48E2-4031-80E8-DA02E342F046}.Debug|x86.Build.0 = Debug|x86
		{28C060C5-48E2-4031-80E8-DA02E342F046}.Release|Any CPU.ActiveCfg = Release|Any CPU
		{28C060C5-48E2-4031-80E8-DA02E342F046}.Release|Any CPU.Build.0 = Release|Any CPU
		{28C060C5-48E2-4031-80E8-DA02E342F046}.Release|ARM32.ActiveCfg = Release|ARM32
		{28C060C5-48E2-4031-80E8-DA02E342F046}.Release|ARM32.Build.0 = Release|ARM32
		{28C060C5-48E2-4031-80E8-DA02E342F046}.Release|ARM64.ActiveCfg = Release|ARM64
		{28C060C5-48E2-4031-80E8-DA02E342F046}.Release|ARM64.Build.0 = Release|ARM64
		{28C060C5-48E2-4031-80E8-DA02E342F046}.Release|x64.ActiveCfg = Release|x64
		{28C060C5-48E2-4031-80E8-DA02E342F046}.Release|x64.Build.0 = Release|x64
		{28C060C5-48E2-4031-80E8-DA02E342F046}.Release|x86.ActiveCfg = Release|x86
		{28C060C5-48E2-4031-80E8-DA02E342F046}.Release|x86.Build.0 = Release|x86
		{A9F057FF-3A88-4907-BEFC-1D17523DE12A}.Debug|Any CPU.ActiveCfg = Debug|Any CPU
		{A9F057FF-3A88-4907-BEFC-1D17523DE12A}.Debug|Any CPU.Build.0 = Debug|Any CPU
		{A9F057FF-3A88-4907-BEFC-1D17523DE12A}.Debug|ARM32.ActiveCfg = Debug|ARM32
		{A9F057FF-3A88-4907-BEFC-1D17523DE12A}.Debug|ARM32.Build.0 = Debug|ARM32
		{A9F057FF-3A88-4907-BEFC-1D17523DE12A}.Debug|ARM64.ActiveCfg = Debug|ARM64
		{A9F057FF-3A88-4907-BEFC-1D17523DE12A}.Debug|ARM64.Build.0 = Debug|ARM64
		{A9F057FF-3A88-4907-BEFC-1D17523DE12A}.Debug|x64.ActiveCfg = Debug|x64
		{A9F057FF-3A88-4907-BEFC-1D17523DE12A}.Debug|x64.Build.0 = Debug|x64
		{A9F057FF-3A88-4907-BEFC-1D17523DE12A}.Debug|x86.ActiveCfg = Debug|x86
		{A9F057FF-3A88-4907-BEFC-1D17523DE12A}.Debug|x86.Build.0 = Debug|x86
		{A9F057FF-3A88-4907-BEFC-1D17523DE12A}.Release|Any CPU.ActiveCfg = Release|Any CPU
		{A9F057FF-3A88-4907-BEFC-1D17523DE12A}.Release|Any CPU.Build.0 = Release|Any CPU
		{A9F057FF-3A88-4907-BEFC-1D17523DE12A}.Release|ARM32.ActiveCfg = Release|ARM32
		{A9F057FF-3A88-4907-BEFC-1D17523DE12A}.Release|ARM32.Build.0 = Release|ARM32
		{A9F057FF-3A88-4907-BEFC-1D17523DE12A}.Release|ARM64.ActiveCfg = Release|ARM64
		{A9F057FF-3A88-4907-BEFC-1D17523DE12A}.Release|ARM64.Build.0 = Release|ARM64
		{A9F057FF-3A88-4907-BEFC-1D17523DE12A}.Release|x64.ActiveCfg = Release|x64
		{A9F057FF-3A88-4907-BEFC-1D17523DE12A}.Release|x64.Build.0 = Release|x64
		{A9F057FF-3A88-4907-BEFC-1D17523DE12A}.Release|x86.ActiveCfg = Release|x86
		{A9F057FF-3A88-4907-BEFC-1D17523DE12A}.Release|x86.Build.0 = Release|x86
		{ABB0E62A-CB9D-4B3F-8F68-812DD2AB02D2}.Debug|Any CPU.ActiveCfg = Debug|Any CPU
		{ABB0E62A-CB9D-4B3F-8F68-812DD2AB02D2}.Debug|Any CPU.Build.0 = Debug|Any CPU
		{ABB0E62A-CB9D-4B3F-8F68-812DD2AB02D2}.Debug|ARM32.ActiveCfg = Debug|ARM32
		{ABB0E62A-CB9D-4B3F-8F68-812DD2AB02D2}.Debug|ARM32.Build.0 = Debug|ARM32
		{ABB0E62A-CB9D-4B3F-8F68-812DD2AB02D2}.Debug|ARM64.ActiveCfg = Debug|ARM64
		{ABB0E62A-CB9D-4B3F-8F68-812DD2AB02D2}.Debug|ARM64.Build.0 = Debug|ARM64
		{ABB0E62A-CB9D-4B3F-8F68-812DD2AB02D2}.Debug|x64.ActiveCfg = Debug|x64
		{ABB0E62A-CB9D-4B3F-8F68-812DD2AB02D2}.Debug|x64.Build.0 = Debug|x64
		{ABB0E62A-CB9D-4B3F-8F68-812DD2AB02D2}.Debug|x86.ActiveCfg = Debug|x86
		{ABB0E62A-CB9D-4B3F-8F68-812DD2AB02D2}.Debug|x86.Build.0 = Debug|x86
		{ABB0E62A-CB9D-4B3F-8F68-812DD2AB02D2}.Release|Any CPU.ActiveCfg = Release|Any CPU
		{ABB0E62A-CB9D-4B3F-8F68-812DD2AB02D2}.Release|Any CPU.Build.0 = Release|Any CPU
		{ABB0E62A-CB9D-4B3F-8F68-812DD2AB02D2}.Release|ARM32.ActiveCfg = Release|ARM32
		{ABB0E62A-CB9D-4B3F-8F68-812DD2AB02D2}.Release|ARM32.Build.0 = Release|ARM32
		{ABB0E62A-CB9D-4B3F-8F68-812DD2AB02D2}.Release|ARM64.ActiveCfg = Release|ARM64
		{ABB0E62A-CB9D-4B3F-8F68-812DD2AB02D2}.Release|ARM64.Build.0 = Release|ARM64
		{ABB0E62A-CB9D-4B3F-8F68-812DD2AB02D2}.Release|x64.ActiveCfg = Release|x64
		{ABB0E62A-CB9D-4B3F-8F68-812DD2AB02D2}.Release|x64.Build.0 = Release|x64
		{ABB0E62A-CB9D-4B3F-8F68-812DD2AB02D2}.Release|x86.ActiveCfg = Release|x86
		{ABB0E62A-CB9D-4B3F-8F68-812DD2AB02D2}.Release|x86.Build.0 = Release|x86
	EndGlobalSection
	GlobalSection(SolutionProperties) = preSolution
		HideSolutionNode = FALSE
	EndGlobalSection
	GlobalSection(ExtensibilityGlobals) = postSolution
		SolutionGuid = {AD3A822B-3FE7-482C-8580-FC97F4FC7E95}
	EndGlobalSection
EndGlobal
